{
    "_meta": {
        "hash": {
            "sha256": "8e2b1abc8c092c52d9a4e1b25a21783fc4bbb87c6df148e39c2550a364eb7a75"
        },
        "pipfile-spec": 6,
        "requires": {
            "python_version": "3"
        },
        "sources": [
            {
                "name": "pypi",
                "url": "https://pypi.python.org/simple",
                "verify_ssl": true
            }
        ]
    },
    "default": {
        "netifaces2": {
            "hashes": [
                "sha256:03151c24171e6da9079e5abcd303f3e0d8ac275a8fe4e178f82fdf1590f989e4",
                "sha256:043ddcd4b09f9b8e86c2bd54214a90904c2fec8869d0cfd295c671c2f4cb27b3",
                "sha256:150804d34f1a97d07ec7032573561267e1753c30670df5e32021a2cf4e3f76b5",
                "sha256:2f6fa1ca50ede5d148a9c378ab08e093418666b58353a2fe31b02d772f568231",
                "sha256:47d15b7235804e4b506298d757856c97e9d969be9cf91642581bf314f98cdefa",
                "sha256:4b7073aabee570466373e312b7f92a81e669f2462051eaefafb8a3d9ba078a35",
                "sha256:69689cf211d17968e020582ddf3b023b0b956c003571e088a86ad21e27b678d9",
                "sha256:81bf88e39ced999d66fff6db5c0dd70c532af18558b3e37da7cda70b6a52f842",
                "sha256:a203a34be5976a747777add600d3d9942bd87b8252bbb7d250273ec4f23744f4",
                "sha256:b7bd4e11cb72d3c182b0b532a5c39d3945a35258cdade2ebaac55ab8ff3ba0e6",
                "sha256:c0f59974328a3481eb0b3264a1cb479f2058cc8f09a3a0097a24d306fd59ec5e",
                "sha256:c31ef56334aa73d0cb81d49e7a9bc3cdd8822e566594038b76c27eaf0334ea6d",
                "sha256:c872a54e1a0e2bf078593b4460013996de804e40cab1b0ebc377b0e74b52a244",
                "sha256:db607a05fa9e7b4791649b83bdc260dcc2f1082e502e6c9e22eb3853a5ff1485",
                "sha256:e1393ddecc35fcbb5ca89c90783ef44c1cae3f93b60bbdcb2e2ebd20783b9e06",
                "sha256:e24c4089c743ad61c59e988d2c2de9ba2c91f1dccaecd57cf1d03c4414946a8f",
                "sha256:e9a880fd3fe76bc5fb040ccafee40f752300ef6349fd7c4c6e66151763b224f8",
                "sha256:eb4ac86acfe2f23522c2b5d1bed097e810dbbe4a5bd829528e5db52a83290e52"
            ],
            "index": "pypi",
            "markers": "python_version >= '3.6'",
            "version": "==0.0.22"
        },
        "termcolor": {
            "hashes": [
                "sha256:9297c0df9c99445c2412e832e882a7884038a25617c60cea2ad69488d4040d63",
                "sha256:aab9e56047c8ac41ed798fa36d892a37aca6b3e9159f3e0c24bc64a9b3ac7b7a"
            ],
            "index": "pypi",
            "markers": "python_version >= '3.8'",
            "version": "==2.4.0"
        },
        "validators": {
            "hashes": [
                "sha256:647fe407b45af9a74d245b943b18e6a816acf4926974278f6dd617778e1e781f",
                "sha256:c804b476e3e6d3786fa07a30073a4ef694e617805eb1946ceee3fe5a9b8b1321"
            ],
            "index": "pypi",
            "markers": "python_version >= '3.8'",
            "version": "==0.34.0"
        },
        "wgconfig": {
            "hashes": [
                "sha256:465828e5aa63d70c0d3100de01b394b705d40ae7c1ab65441d5e162ce9592deb",
                "sha256:743bfb574548455459273ed3bbf2e2420c5edd289ee542b614bba31ea5c448d1"
            ],
            "index": "pypi",
            "markers": "python_version >= '2.7'",
            "version": "==0.3.0"
        }
    },
    "develop": {}
}
