{
    "_meta": {
        "hash": {
            "sha256": "103dfe1d17404310a30a82e801af042028bf25224c82f12bd035a71f85339d0c"
        },
        "pipfile-spec": 6,
        "requires": {
            "python_version": "3"
        },
        "sources": [
            {
                "name": "pypi",
                "url": "https://pypi.python.org/simple",
                "verify_ssl": true
            }
        ]
    },
    "default": {
        "netifaces2": {
            "hashes": [
                "sha256:03151c24171e6da9079e5abcd303f3e0d8ac275a8fe4e178f82fdf1590f989e4",
                "sha256:043ddcd4b09f9b8e86c2bd54214a90904c2fec8869d0cfd295c671c2f4cb27b3",
                "sha256:150804d34f1a97d07ec7032573561267e1753c30670df5e32021a2cf4e3f76b5",
                "sha256:2f6fa1ca50ede5d148a9c378ab08e093418666b58353a2fe31b02d772f568231",
                "sha256:47d15b7235804e4b506298d757856c97e9d969be9cf91642581bf314f98cdefa",
                "sha256:4b7073aabee570466373e312b7f92a81e669f2462051eaefafb8a3d9ba078a35",
                "sha256:69689cf211d17968e020582ddf3b023b0b956c003571e088a86ad21e27b678d9",
                "sha256:81bf88e39ced999d66fff6db5c0dd70c532af18558b3e37da7cda70b6a52f842",
                "sha256:a203a34be5976a747777add600d3d9942bd87b8252bbb7d250273ec4f23744f4",
                "sha256:b7bd4e11cb72d3c182b0b532a5c39d3945a35258cdade2ebaac55ab8ff3ba0e6",
                "sha256:c0f59974328a3481eb0b3264a1cb479f2058cc8f09a3a0097a24d306fd59ec5e",
                "sha256:c31ef56334aa73d0cb81d49e7a9bc3cdd8822e566594038b76c27eaf0334ea6d",
                "sha256:c872a54e1a0e2bf078593b4460013996de804e40cab1b0ebc377b0e74b52a244",
                "sha256:db607a05fa9e7b4791649b83bdc260dcc2f1082e502e6c9e22eb3853a5ff1485",
                "sha256:e1393ddecc35fcbb5ca89c90783ef44c1cae3f93b60bbdcb2e2ebd20783b9e06",
                "sha256:e24c4089c743ad61c59e988d2c2de9ba2c91f1dccaecd57cf1d03c4414946a8f",
                "sha256:e9a880fd3fe76bc5fb040ccafee40f752300ef6349fd7c4c6e66151763b224f8",
                "sha256:eb4ac86acfe2f23522c2b5d1bed097e810dbbe4a5bd829528e5db52a83290e52"
            ],
            "index": "pypi",
            "markers": "python_version >= '3.6'",
            "version": "==0.0.22"
        },
        "wgconfig": {
            "hashes": [
                "sha256:7b6733ac79c9a4eb3e945202abed722a7266308c5acc5f9f7d2785adbc9a112b",
                "sha256:8a57aaf2dd29c7c4b3ce89ff87cfeb385cd3e5e1e06fa84c483d7934559d339e"
            ],
            "index": "pypi",
            "markers": "python_version >= '2.7'",
            "version": "==1.1.0"
        }
    },
    "develop": {
        "iniconfig": {
            "hashes": [
                "sha256:c76315c77db068650d49c5b56314774a7804df16fee4402c1f19d6d15d8c4730",
                "sha256:f631c04d2c48c52b84d0d0549c99ff3859c98df65b3101406327ecc7d53fbf12"
            ],
            "markers": "python_version >= '3.10'",
            "version": "==2.3.0"
        },
        "packaging": {
            "hashes": [
                "sha256:29572ef2b1f17581046b3a2227d5c611fb25ec70ca1ba8554b24b0e69331a484",
                "sha256:d443872c98d677bf60f6a1f2f8c1cb748e8fe762d2bf9d3148b5599295b0fc4f"
            ],
            "markers": "python_version >= '3.8'",
            "version": "==25.0"
        },
        "pluggy": {
            "hashes": [
                "sha256:7dcc130b76258d33b90f61b658791dede3486c3e6bfb003ee5c9bfb396dd22f3",
                "sha256:e920276dd6813095e9377c0bc5566d94c932c33b27a3e3945d8389c374dd4746"
            ],
            "markers": "python_version >= '3.9'",
            "version": "==1.6.0"
        },
        "pygments": {
            "hashes": [
                "sha256:636cb2477cec7f8952536970bc533bc43743542f70392ae026374600add5b887",
                "sha256:86540386c03d588bb81d44bc3928634ff26449851e99741617ecb9037ee5ec0b"
            ],
            "markers": "python_version >= '3.8'",
            "version": "==2.19.2"
        },
        "pytest": {
            "hashes": [
                "sha256:3e9c069ea73583e255c3b21cf46b8d3c56f6e3a1a8f6da94ccb0fcf57b9d73c8",
                "sha256:67be0030d194df2dfa7b556f2e56fb3c3315bd5c8822c6951162b92b32ce7dad"
            ],
            "index": "pypi",
            "markers": "python_version >= '3.10'",
            "version": "==9.0.1"
        }
    }
}
